
Microsoft Visual Studio Solution File, Format Version 12.00
# Visual Studio Version 16
VisualStudioVersion = 16.0.30413.136
MinimumVisualStudioVersion = 10.0.40219.1
Project("{FAE04EC0-301F-11D3-BF4B-00C04F79EFBC}") = "Feleves_feladat_Csikos_Benedek_FTEPXW", "Feleves_feladat_Csikos_Benedek_FTEPXW\Feleves_feladat_Csikos_Benedek_FTEPXW.csproj", "{4BC67091-34FC-4271-9DB4-D49F9775D2E2}"
EndProject
Global
	GlobalSection(SolutionConfigurationPlatforms) = preSolution
		Debug|Any CPU = Debug|Any CPU
		Release|Any CPU = Release|Any CPU
	EndGlobalSection
	GlobalSection(ProjectConfigurationPlatforms) = postSolution
		{4BC67091-34FC-4271-9DB4-D49F9775D2E2}.Debug|Any CPU.ActiveCfg = Debug|Any CPU
		{4BC67091-34FC-4271-9DB4-D49F9775D2E2}.Debug|Any CPU.Build.0 = Debug|Any CPU
		{4BC67091-34FC-4271-9DB4-D49F9775D2E2}.Release|Any CPU.ActiveCfg = Release|Any CPU
		{4BC67091-34FC-4271-9DB4-D49F9775D2E2}.Release|Any CPU.Build.0 = Release|Any CPU
	EndGlobalSection
	GlobalSection(SolutionProperties) = preSolution
		HideSolutionNode = FALSE
	EndGlobalSection
	GlobalSection(ExtensibilityGlobals) = postSolution
		SolutionGuid = {491FA6E2-08DB-46E3-AD3F-0FDB1CD7A131}
	EndGlobalSection
EndGlobal
